
Microsoft Visual Studio Solution File, Format Version 12.00
# Visual Studio 2013
VisualStudioVersion = 12.0.21005.1
MinimumVisualStudioVersion = 10.0.40219.1
Project("{FAE04EC0-301F-11D3-BF4B-00C04F79EFBC}") = "POS", "pos\POS.csproj", "{C0589E9B-BB80-4CCA-9C95-C2DC10EFDE8C}"
EndProject
Project("{FAE04EC0-301F-11D3-BF4B-00C04F79EFBC}") = "POS.Core", "POS.Core\POS.Core.csproj", "{C7EF0A4C-69D0-493E-8494-9C216CA973F2}"
EndProject
Project("{FAE04EC0-301F-11D3-BF4B-00C04F79EFBC}") = "POS.DLL", "POS.DLL\POS.DLL.csproj", "{30E20F2A-2CBB-460F-BBD2-0832A8F3A214}"
EndProject
Project("{FAE04EC0-301F-11D3-BF4B-00C04F79EFBC}") = "POS.BLL", "POS.BLL\POS.BLL.csproj", "{A9CEBB48-25EA-4004-B410-C78F15E470B0}"
EndProject
Global
	GlobalSection(SolutionConfigurationPlatforms) = preSolution
		CD_ROM|Any CPU = CD_ROM|Any CPU
		Debug|Any CPU = Debug|Any CPU
		DVD-5|Any CPU = DVD-5|Any CPU
		Release|Any CPU = Release|Any CPU
		SingleImage|Any CPU = SingleImage|Any CPU
	EndGlobalSection
	GlobalSection(ProjectConfigurationPlatforms) = postSolution
		{C0589E9B-BB80-4CCA-9C95-C2DC10EFDE8C}.CD_ROM|Any CPU.ActiveCfg = Release|Any CPU
		{C0589E9B-BB80-4CCA-9C95-C2DC10EFDE8C}.CD_ROM|Any CPU.Build.0 = Release|Any CPU
		{C0589E9B-BB80-4CCA-9C95-C2DC10EFDE8C}.Debug|Any CPU.ActiveCfg = Debug|Any CPU
		{C0589E9B-BB80-4CCA-9C95-C2DC10EFDE8C}.Debug|Any CPU.Build.0 = Debug|Any CPU
		{C0589E9B-BB80-4CCA-9C95-C2DC10EFDE8C}.DVD-5|Any CPU.ActiveCfg = Debug|Any CPU
		{C0589E9B-BB80-4CCA-9C95-C2DC10EFDE8C}.DVD-5|Any CPU.Build.0 = Debug|Any CPU
		{C0589E9B-BB80-4CCA-9C95-C2DC10EFDE8C}.Release|Any CPU.ActiveCfg = Release|Any CPU
		{C0589E9B-BB80-4CCA-9C95-C2DC10EFDE8C}.Release|Any CPU.Build.0 = Release|Any CPU
		{C0589E9B-BB80-4CCA-9C95-C2DC10EFDE8C}.SingleImage|Any CPU.ActiveCfg = Release|Any CPU
		{C0589E9B-BB80-4CCA-9C95-C2DC10EFDE8C}.SingleImage|Any CPU.Build.0 = Release|Any CPU
		{C7EF0A4C-69D0-493E-8494-9C216CA973F2}.CD_ROM|Any CPU.ActiveCfg = Release|Any CPU
		{C7EF0A4C-69D0-493E-8494-9C216CA973F2}.CD_ROM|Any CPU.Build.0 = Release|Any CPU
		{C7EF0A4C-69D0-493E-8494-9C216CA973F2}.Debug|Any CPU.ActiveCfg = Debug|Any CPU
		{C7EF0A4C-69D0-493E-8494-9C216CA973F2}.Debug|Any CPU.Build.0 = Debug|Any CPU
		{C7EF0A4C-69D0-493E-8494-9C216CA973F2}.DVD-5|Any CPU.ActiveCfg = Debug|Any CPU
		{C7EF0A4C-69D0-493E-8494-9C216CA973F2}.DVD-5|Any CPU.Build.0 = Debug|Any CPU
		{C7EF0A4C-69D0-493E-8494-9C216CA973F2}.Release|Any CPU.ActiveCfg = Release|Any CPU
		{C7EF0A4C-69D0-493E-8494-9C216CA973F2}.Release|Any CPU.Build.0 = Release|Any CPU
		{C7EF0A4C-69D0-493E-8494-9C216CA973F2}.SingleImage|Any CPU.ActiveCfg = Release|Any CPU
		{C7EF0A4C-69D0-493E-8494-9C216CA973F2}.SingleImage|Any CPU.Build.0 = Release|Any CPU
		{30E20F2A-2CBB-460F-BBD2-0832A8F3A214}.CD_ROM|Any CPU.ActiveCfg = Release|Any CPU
		{30E20F2A-2CBB-460F-BBD2-0832A8F3A214}.CD_ROM|Any CPU.Build.0 = Release|Any CPU
		{30E20F2A-2CBB-460F-BBD2-0832A8F3A214}.Debug|Any CPU.ActiveCfg = Debug|Any CPU
		{30E20F2A-2CBB-460F-BBD2-0832A8F3A214}.Debug|Any CPU.Build.0 = Debug|Any CPU
		{30E20F2A-2CBB-460F-BBD2-0832A8F3A214}.DVD-5|Any CPU.ActiveCfg = Debug|Any CPU
		{30E20F2A-2CBB-460F-BBD2-0832A8F3A214}.DVD-5|Any CPU.Build.0 = Debug|Any CPU
		{30E20F2A-2CBB-460F-BBD2-0832A8F3A214}.Release|Any CPU.ActiveCfg = Release|Any CPU
		{30E20F2A-2CBB-460F-BBD2-0832A8F3A214}.Release|Any CPU.Build.0 = Release|Any CPU
		{30E20F2A-2CBB-460F-BBD2-0832A8F3A214}.SingleImage|Any CPU.ActiveCfg = Release|Any CPU
		{30E20F2A-2CBB-460F-BBD2-0832A8F3A214}.SingleImage|Any CPU.Build.0 = Release|Any CPU
		{A9CEBB48-25EA-4004-B410-C78F15E470B0}.CD_ROM|Any CPU.ActiveCfg = Release|Any CPU
		{A9CEBB48-25EA-4004-B410-C78F15E470B0}.CD_ROM|Any CPU.Build.0 = Release|Any CPU
		{A9CEBB48-25EA-4004-B410-C78F15E470B0}.Debug|Any CPU.ActiveCfg = Debug|Any CPU
		{A9CEBB48-25EA-4004-B410-C78F15E470B0}.Debug|Any CPU.Build.0 = Debug|Any CPU
		{A9CEBB48-25EA-4004-B410-C78F15E470B0}.DVD-5|Any CPU.ActiveCfg = Debug|Any CPU
		{A9CEBB48-25EA-4004-B410-C78F15E470B0}.DVD-5|Any CPU.Build.0 = Debug|Any CPU
		{A9CEBB48-25EA-4004-B410-C78F15E470B0}.Release|Any CPU.ActiveCfg = Release|Any CPU
		{A9CEBB48-25EA-4004-B410-C78F15E470B0}.Release|Any CPU.Build.0 = Release|Any CPU
		{A9CEBB48-25EA-4004-B410-C78F15E470B0}.SingleImage|Any CPU.ActiveCfg = Release|Any CPU
		{A9CEBB48-25EA-4004-B410-C78F15E470B0}.SingleImage|Any CPU.Build.0 = Release|Any CPU
	EndGlobalSection
	GlobalSection(SolutionProperties) = preSolution
		HideSolutionNode = FALSE
	EndGlobalSection
EndGlobal
